
Microsoft Visual Studio Solution File, Format Version 12.00
# Visual Studio Version 16
VisualStudioVersion = 16.0.29728.190
MinimumVisualStudioVersion = 10.0.40219.1
Project("{FAE04EC0-301F-11D3-BF4B-00C04F79EFBC}") = "BreachDetector", "BreachDetector\BreachDetector.csproj", "{F977F473-7752-4D11-82B8-D416DCD5FBB9}"
EndProject
Global
	GlobalSection(SolutionConfigurationPlatforms) = preSolution
		Debug|Any CPU = Debug|Any CPU
		Release|Any CPU = Release|Any CPU
	EndGlobalSection
	GlobalSection(ProjectConfigurationPlatforms) = postSolution
		{F977F473-7752-4D11-82B8-D416DCD5FBB9}.Debug|Any CPU.ActiveCfg = Debug|Any CPU
		{F977F473-7752-4D11-82B8-D416DCD5FBB9}.Debug|Any CPU.Build.0 = Debug|Any CPU
		{F977F473-7752-4D11-82B8-D416DCD5FBB9}.Release|Any CPU.ActiveCfg = Release|Any CPU
		{F977F473-7752-4D11-82B8-D416DCD5FBB9}.Release|Any CPU.Build.0 = Release|Any CPU
	EndGlobalSection
	GlobalSection(SolutionProperties) = preSolution
		HideSolutionNode = FALSE
	EndGlobalSection
	GlobalSection(ExtensibilityGlobals) = postSolution
		SolutionGuid = {E4EF7B2E-2149-4516-BFFA-3BAABD9BBE55}
	EndGlobalSection
EndGlobal
