{
  "object": {
    "pins": [
      {
        "package": "IOSSecuritySuite",
        "repositoryURL": "https://github.com/securing/IOSSecuritySuite.git",
        "state": {
          "branch": null,
          "revision": "af960186615684927d08939cf3694590d6f22d18",
          "version": "1.5.0"
        }
      }
    ]
  },
  "version": 1
}
